
Microsoft Visual Studio Solution File, Format Version 12.00
# Visual Studio Version 17
VisualStudioVersion = 17.8.34309.116
MinimumVisualStudioVersion = 10.0.40219.1
Project("{9A19103F-16F7-4668-BE54-9A1E7A4F7556}") = "240513 자료형", "240513 자료형.csproj", "{BA0B058E-7F8C-454B-B132-D19C03DD81E2}"
EndProject
Project("{9A19103F-16F7-4668-BE54-9A1E7A4F7556}") = "240514 연산자", "..\GE_Program_240514\240514 연산자.csproj", "{FF3D28FF-5D55-4B51-B036-5C17C63C5BE1}"
EndProject
Project("{9A19103F-16F7-4668-BE54-9A1E7A4F7556}") = "GE_Program_00", "..\GE_Program_00\GE_Program_00.csproj", "{A123DEA3-3F16-43C5-8BF6-FF285328AC69}"
EndProject
Project("{9A19103F-16F7-4668-BE54-9A1E7A4F7556}") = "240516 오버플로우&언더플로우", "..\GE_Program_240516\240516 오버플로우&언더플로우.csproj", "{B7B987C2-C196-4816-A13F-4B5179D56991}"
EndProject
Project("{9A19103F-16F7-4668-BE54-9A1E7A4F7556}") = "240520 배열&구조체", "..\240520\240520 배열&구조체.csproj", "{EF90DA1D-C31B-4DEB-B84B-598485F65E48}"
EndProject
Project("{9A19103F-16F7-4668-BE54-9A1E7A4F7556}") = "240521 재귀함수&박싱", "..\GE_Program_240521\240521 재귀함수&박싱.csproj", "{4D140A8F-436B-4FEC-8512-1D23B51FB02B}"
EndProject
Project("{9A19103F-16F7-4668-BE54-9A1E7A4F7556}") = "240522 클래스&복사", "..\GE_Program_240522\240522 클래스&복사.csproj", "{7FAF0DCA-1619-4936-B3CD-CAF72C9048FC}"
EndProject
Project("{9A19103F-16F7-4668-BE54-9A1E7A4F7556}") = "240523 상속", "..\GE_Program_240523\240523 상속.csproj", "{9994514A-5E64-47C0-AAC1-6B01D6B32A02}"
EndProject
Project("{9A19103F-16F7-4668-BE54-9A1E7A4F7556}") = "240523 상속 예제", "..\GE_Program_240523_Q\240523 상속 예제.csproj", "{00DC8C74-7336-4541-81CF-FFCD0617E4BE}"
EndProject
Project("{9A19103F-16F7-4668-BE54-9A1E7A4F7556}") = "240524 추상&대리자", "..\GE_Program_240524\240524 추상&대리자.csproj", "{BF6F8BD3-9170-4746-AF5E-ECEB01F54ECF}"
EndProject
Project("{9A19103F-16F7-4668-BE54-9A1E7A4F7556}") = "240524 UpandDown", "..\GE_Program_UpandDown\240524 UpandDown.csproj", "{1FC7EBB5-9075-443B-A1F9-0DEB19E4EB7D}"
EndProject
Project("{9A19103F-16F7-4668-BE54-9A1E7A4F7556}") = "240527 일반화&스택&큐", "..\GE_Programn_240527\240527 일반화&스택&큐.csproj", "{9BE125A2-6165-423E-BB33-E7F55C9C92E7}"
EndProject
Project("{9A19103F-16F7-4668-BE54-9A1E7A4F7556}") = "240528 연산자 오버라이딩", "..\GE_Program_240528\240528 연산자 오버라이딩.csproj", "{212F979D-8E8E-4BFC-B1D5-664E23ABFB1E}"
EndProject
Project("{9A19103F-16F7-4668-BE54-9A1E7A4F7556}") = "240528 RhythmGame", "..\GE_Program_2405828_RhythmGame\240528 RhythmGame.csproj", "{EF4B88AB-8A07-48EC-9542-28BF963F070E}"
EndProject
Project("{9A19103F-16F7-4668-BE54-9A1E7A4F7556}") = "240529 2차원배열&인덱서", "..\GE_Program_240529\240529 2차원배열&인덱서.csproj", "{60093A1A-4BA4-4237-BE3E-FC91C6AB177D}"
EndProject
Project("{9A19103F-16F7-4668-BE54-9A1E7A4F7556}") = "240529 Maze1", "..\GE_Progman_240529_Maze\240529 Maze1.csproj", "{555EBBA8-A553-4BD4-A3B8-C926B117116A}"
EndProject
Project("{9A19103F-16F7-4668-BE54-9A1E7A4F7556}") = "240529 Maze2", "..\GE_Program_240529_Maze2\240529 Maze2.csproj", "{790ED6A3-7C0E-4256-8E26-71B2C166522F}"
EndProject
Project("{9A19103F-16F7-4668-BE54-9A1E7A4F7556}") = "240530 객체지향설계", "..\GE_Progam_240530\240530 객체지향설계.csproj", "{215DAE9C-1A99-4137-A833-5B8B1C4A92AB}"
EndProject
Global
	GlobalSection(SolutionConfigurationPlatforms) = preSolution
		Debug|Any CPU = Debug|Any CPU
		Release|Any CPU = Release|Any CPU
	EndGlobalSection
	GlobalSection(ProjectConfigurationPlatforms) = postSolution
		{BA0B058E-7F8C-454B-B132-D19C03DD81E2}.Debug|Any CPU.ActiveCfg = Debug|Any CPU
		{BA0B058E-7F8C-454B-B132-D19C03DD81E2}.Debug|Any CPU.Build.0 = Debug|Any CPU
		{BA0B058E-7F8C-454B-B132-D19C03DD81E2}.Release|Any CPU.ActiveCfg = Release|Any CPU
		{BA0B058E-7F8C-454B-B132-D19C03DD81E2}.Release|Any CPU.Build.0 = Release|Any CPU
		{FF3D28FF-5D55-4B51-B036-5C17C63C5BE1}.Debug|Any CPU.ActiveCfg = Debug|Any CPU
		{FF3D28FF-5D55-4B51-B036-5C17C63C5BE1}.Debug|Any CPU.Build.0 = Debug|Any CPU
		{FF3D28FF-5D55-4B51-B036-5C17C63C5BE1}.Release|Any CPU.ActiveCfg = Release|Any CPU
		{FF3D28FF-5D55-4B51-B036-5C17C63C5BE1}.Release|Any CPU.Build.0 = Release|Any CPU
		{A123DEA3-3F16-43C5-8BF6-FF285328AC69}.Debug|Any CPU.ActiveCfg = Debug|Any CPU
		{A123DEA3-3F16-43C5-8BF6-FF285328AC69}.Debug|Any CPU.Build.0 = Debug|Any CPU
		{A123DEA3-3F16-43C5-8BF6-FF285328AC69}.Release|Any CPU.ActiveCfg = Release|Any CPU
		{A123DEA3-3F16-43C5-8BF6-FF285328AC69}.Release|Any CPU.Build.0 = Release|Any CPU
		{B7B987C2-C196-4816-A13F-4B5179D56991}.Debug|Any CPU.ActiveCfg = Debug|Any CPU
		{B7B987C2-C196-4816-A13F-4B5179D56991}.Debug|Any CPU.Build.0 = Debug|Any CPU
		{B7B987C2-C196-4816-A13F-4B5179D56991}.Release|Any CPU.ActiveCfg = Release|Any CPU
		{B7B987C2-C196-4816-A13F-4B5179D56991}.Release|Any CPU.Build.0 = Release|Any CPU
		{EF90DA1D-C31B-4DEB-B84B-598485F65E48}.Debug|Any CPU.ActiveCfg = Debug|Any CPU
		{EF90DA1D-C31B-4DEB-B84B-598485F65E48}.Debug|Any CPU.Build.0 = Debug|Any CPU
		{EF90DA1D-C31B-4DEB-B84B-598485F65E48}.Release|Any CPU.ActiveCfg = Release|Any CPU
		{EF90DA1D-C31B-4DEB-B84B-598485F65E48}.Release|Any CPU.Build.0 = Release|Any CPU
		{4D140A8F-436B-4FEC-8512-1D23B51FB02B}.Debug|Any CPU.ActiveCfg = Debug|Any CPU
		{4D140A8F-436B-4FEC-8512-1D23B51FB02B}.Debug|Any CPU.Build.0 = Debug|Any CPU
		{4D140A8F-436B-4FEC-8512-1D23B51FB02B}.Release|Any CPU.ActiveCfg = Release|Any CPU
		{4D140A8F-436B-4FEC-8512-1D23B51FB02B}.Release|Any CPU.Build.0 = Release|Any CPU
		{7FAF0DCA-1619-4936-B3CD-CAF72C9048FC}.Debug|Any CPU.ActiveCfg = Debug|Any CPU
		{7FAF0DCA-1619-4936-B3CD-CAF72C9048FC}.Debug|Any CPU.Build.0 = Debug|Any CPU
		{7FAF0DCA-1619-4936-B3CD-CAF72C9048FC}.Release|Any CPU.ActiveCfg = Release|Any CPU
		{7FAF0DCA-1619-4936-B3CD-CAF72C9048FC}.Release|Any CPU.Build.0 = Release|Any CPU
		{9994514A-5E64-47C0-AAC1-6B01D6B32A02}.Debug|Any CPU.ActiveCfg = Debug|Any CPU
		{9994514A-5E64-47C0-AAC1-6B01D6B32A02}.Debug|Any CPU.Build.0 = Debug|Any CPU
		{9994514A-5E64-47C0-AAC1-6B01D6B32A02}.Release|Any CPU.ActiveCfg = Release|Any CPU
		{9994514A-5E64-47C0-AAC1-6B01D6B32A02}.Release|Any CPU.Build.0 = Release|Any CPU
		{00DC8C74-7336-4541-81CF-FFCD0617E4BE}.Debug|Any CPU.ActiveCfg = Debug|Any CPU
		{00DC8C74-7336-4541-81CF-FFCD0617E4BE}.Debug|Any CPU.Build.0 = Debug|Any CPU
		{00DC8C74-7336-4541-81CF-FFCD0617E4BE}.Release|Any CPU.ActiveCfg = Release|Any CPU
		{00DC8C74-7336-4541-81CF-FFCD0617E4BE}.Release|Any CPU.Build.0 = Release|Any CPU
		{BF6F8BD3-9170-4746-AF5E-ECEB01F54ECF}.Debug|Any CPU.ActiveCfg = Debug|Any CPU
		{BF6F8BD3-9170-4746-AF5E-ECEB01F54ECF}.Debug|Any CPU.Build.0 = Debug|Any CPU
		{BF6F8BD3-9170-4746-AF5E-ECEB01F54ECF}.Release|Any CPU.ActiveCfg = Release|Any CPU
		{BF6F8BD3-9170-4746-AF5E-ECEB01F54ECF}.Release|Any CPU.Build.0 = Release|Any CPU
		{1FC7EBB5-9075-443B-A1F9-0DEB19E4EB7D}.Debug|Any CPU.ActiveCfg = Debug|Any CPU
		{1FC7EBB5-9075-443B-A1F9-0DEB19E4EB7D}.Debug|Any CPU.Build.0 = Debug|Any CPU
		{1FC7EBB5-9075-443B-A1F9-0DEB19E4EB7D}.Release|Any CPU.ActiveCfg = Release|Any CPU
		{1FC7EBB5-9075-443B-A1F9-0DEB19E4EB7D}.Release|Any CPU.Build.0 = Release|Any CPU
		{9BE125A2-6165-423E-BB33-E7F55C9C92E7}.Debug|Any CPU.ActiveCfg = Debug|Any CPU
		{9BE125A2-6165-423E-BB33-E7F55C9C92E7}.Debug|Any CPU.Build.0 = Debug|Any CPU
		{9BE125A2-6165-423E-BB33-E7F55C9C92E7}.Release|Any CPU.ActiveCfg = Release|Any CPU
		{9BE125A2-6165-423E-BB33-E7F55C9C92E7}.Release|Any CPU.Build.0 = Release|Any CPU
		{212F979D-8E8E-4BFC-B1D5-664E23ABFB1E}.Debug|Any CPU.ActiveCfg = Debug|Any CPU
		{212F979D-8E8E-4BFC-B1D5-664E23ABFB1E}.Debug|Any CPU.Build.0 = Debug|Any CPU
		{212F979D-8E8E-4BFC-B1D5-664E23ABFB1E}.Release|Any CPU.ActiveCfg = Release|Any CPU
		{212F979D-8E8E-4BFC-B1D5-664E23ABFB1E}.Release|Any CPU.Build.0 = Release|Any CPU
		{EF4B88AB-8A07-48EC-9542-28BF963F070E}.Debug|Any CPU.ActiveCfg = Debug|Any CPU
		{EF4B88AB-8A07-48EC-9542-28BF963F070E}.Debug|Any CPU.Build.0 = Debug|Any CPU
		{EF4B88AB-8A07-48EC-9542-28BF963F070E}.Release|Any CPU.ActiveCfg = Release|Any CPU
		{EF4B88AB-8A07-48EC-9542-28BF963F070E}.Release|Any CPU.Build.0 = Release|Any CPU
		{60093A1A-4BA4-4237-BE3E-FC91C6AB177D}.Debug|Any CPU.ActiveCfg = Debug|Any CPU
		{60093A1A-4BA4-4237-BE3E-FC91C6AB177D}.Debug|Any CPU.Build.0 = Debug|Any CPU
		{60093A1A-4BA4-4237-BE3E-FC91C6AB177D}.Release|Any CPU.ActiveCfg = Release|Any CPU
		{60093A1A-4BA4-4237-BE3E-FC91C6AB177D}.Release|Any CPU.Build.0 = Release|Any CPU
		{555EBBA8-A553-4BD4-A3B8-C926B117116A}.Debug|Any CPU.ActiveCfg = Debug|Any CPU
		{555EBBA8-A553-4BD4-A3B8-C926B117116A}.Debug|Any CPU.Build.0 = Debug|Any CPU
		{555EBBA8-A553-4BD4-A3B8-C926B117116A}.Release|Any CPU.ActiveCfg = Release|Any CPU
		{555EBBA8-A553-4BD4-A3B8-C926B117116A}.Release|Any CPU.Build.0 = Release|Any CPU
		{790ED6A3-7C0E-4256-8E26-71B2C166522F}.Debug|Any CPU.ActiveCfg = Debug|Any CPU
		{790ED6A3-7C0E-4256-8E26-71B2C166522F}.Debug|Any CPU.Build.0 = Debug|Any CPU
		{790ED6A3-7C0E-4256-8E26-71B2C166522F}.Release|Any CPU.ActiveCfg = Release|Any CPU
		{790ED6A3-7C0E-4256-8E26-71B2C166522F}.Release|Any CPU.Build.0 = Release|Any CPU
		{215DAE9C-1A99-4137-A833-5B8B1C4A92AB}.Debug|Any CPU.ActiveCfg = Debug|Any CPU
		{215DAE9C-1A99-4137-A833-5B8B1C4A92AB}.Debug|Any CPU.Build.0 = Debug|Any CPU
		{215DAE9C-1A99-4137-A833-5B8B1C4A92AB}.Release|Any CPU.ActiveCfg = Release|Any CPU
		{215DAE9C-1A99-4137-A833-5B8B1C4A92AB}.Release|Any CPU.Build.0 = Release|Any CPU
	EndGlobalSection
	GlobalSection(SolutionProperties) = preSolution
		HideSolutionNode = FALSE
	EndGlobalSection
	GlobalSection(ExtensibilityGlobals) = postSolution
		SolutionGuid = {949531DE-795F-43A7-AAD5-ADF83D11050E}
	EndGlobalSection
EndGlobal
