
Microsoft Visual Studio Solution File, Format Version 12.00
# Visual Studio Version 17
VisualStudioVersion = 17.8.34309.116
MinimumVisualStudioVersion = 10.0.40219.1
Project("{FAE04EC0-301F-11D3-BF4B-00C04F79EFBC}") = "GE_Program_240513", "GE_Program_240513.csproj", "{BA0B058E-7F8C-454B-B132-D19C03DD81E2}"
EndProject
Global
	GlobalSection(SolutionConfigurationPlatforms) = preSolution
		Debug|Any CPU = Debug|Any CPU
		Release|Any CPU = Release|Any CPU
	EndGlobalSection
	GlobalSection(ProjectConfigurationPlatforms) = postSolution
		{BA0B058E-7F8C-454B-B132-D19C03DD81E2}.Debug|Any CPU.ActiveCfg = Debug|Any CPU
		{BA0B058E-7F8C-454B-B132-D19C03DD81E2}.Debug|Any CPU.Build.0 = Debug|Any CPU
		{BA0B058E-7F8C-454B-B132-D19C03DD81E2}.Release|Any CPU.ActiveCfg = Release|Any CPU
		{BA0B058E-7F8C-454B-B132-D19C03DD81E2}.Release|Any CPU.Build.0 = Release|Any CPU
	EndGlobalSection
	GlobalSection(SolutionProperties) = preSolution
		HideSolutionNode = FALSE
	EndGlobalSection
	GlobalSection(ExtensibilityGlobals) = postSolution
		SolutionGuid = {949531DE-795F-43A7-AAD5-ADF83D11050E}
	EndGlobalSection
EndGlobal
